Microsoft Visual Studio Solution File, Format Version 11.00
# Visual Studio 2008

Project("{D226E035-1348-64F7-8D12-545C6B64B667}") = "CapstoneProject", "Assembly-CSharp-firstpass.csproj", "{038762CC-F45F-CF28-41C6-FFC0C8431DA4}"
EndProject
Project("{D226E035-1348-64F7-8D12-545C6B64B667}") = "CapstoneProject", "Assembly-CSharp.csproj", "{9A63F788-A62D-C487-7680-9ABC19C011EA}"
EndProject
Project("{D226E035-1348-64F7-8D12-545C6B64B667}") = "CapstoneProject", "Assembly-CSharp-Editor.csproj", "{C3B0F39C-6283-A34E-946C-39E70503CAA0}"
EndProject
Project("{D226E035-1348-64F7-8D12-545C6B64B667}") = "CapstoneProject", "Assembly-UnityScript-firstpass.unityproj", "{C0C529AA-A250-7A99-18DF-D64A4F9C9ABD}"
EndProject
Global
	GlobalSection(SolutionConfigurationPlatforms) = preSolution
		Debug|Any CPU = Debug|Any CPU
		Release|Any CPU = Release|Any CPU
	EndGlobalSection
	GlobalSection(ProjectConfigurationPlatforms) = postSolution
		{038762CC-F45F-CF28-41C6-FFC0C8431DA4}.Debug|Any CPU.ActiveCfg = Debug|Any CPU
		{038762CC-F45F-CF28-41C6-FFC0C8431DA4}.Debug|Any CPU.Build.0 = Debug|Any CPU
		{038762CC-F45F-CF28-41C6-FFC0C8431DA4}.Release|Any CPU.ActiveCfg = Release|Any CPU
		{038762CC-F45F-CF28-41C6-FFC0C8431DA4}.Release|Any CPU.Build.0 = Release|Any CPU
		{9A63F788-A62D-C487-7680-9ABC19C011EA}.Debug|Any CPU.ActiveCfg = Debug|Any CPU
		{9A63F788-A62D-C487-7680-9ABC19C011EA}.Debug|Any CPU.Build.0 = Debug|Any CPU
		{9A63F788-A62D-C487-7680-9ABC19C011EA}.Release|Any CPU.ActiveCfg = Release|Any CPU
		{9A63F788-A62D-C487-7680-9ABC19C011EA}.Release|Any CPU.Build.0 = Release|Any CPU
		{C3B0F39C-6283-A34E-946C-39E70503CAA0}.Debug|Any CPU.ActiveCfg = Debug|Any CPU
		{C3B0F39C-6283-A34E-946C-39E70503CAA0}.Debug|Any CPU.Build.0 = Debug|Any CPU
		{C3B0F39C-6283-A34E-946C-39E70503CAA0}.Release|Any CPU.ActiveCfg = Release|Any CPU
		{C3B0F39C-6283-A34E-946C-39E70503CAA0}.Release|Any CPU.Build.0 = Release|Any CPU
		{C0C529AA-A250-7A99-18DF-D64A4F9C9ABD}.Debug|Any CPU.ActiveCfg = Debug|Any CPU
		{C0C529AA-A250-7A99-18DF-D64A4F9C9ABD}.Debug|Any CPU.Build.0 = Debug|Any CPU
		{C0C529AA-A250-7A99-18DF-D64A4F9C9ABD}.Release|Any CPU.ActiveCfg = Release|Any CPU
		{C0C529AA-A250-7A99-18DF-D64A4F9C9ABD}.Release|Any CPU.Build.0 = Release|Any CPU
	EndGlobalSection
	GlobalSection(SolutionProperties) = preSolution
		HideSolutionNode = FALSE
	EndGlobalSection
																																																																																										GlobalSection(MonoDevelopProperties) = preSolution
		StartupItem = Assembly-CSharp.csproj
		Policies = $0
		$0.TextStylePolicy = $1
		$1.inheritsSet = null
		$1.scope = text/x-csharp
		$0.CSharpFormattingPolicy = $2
		$2.inheritsSet = Mono
		$2.inheritsScope = text/x-csharp
		$2.scope = text/x-csharp
		$0.TextStylePolicy = $3
		$3.FileWidth = 120
		$3.TabWidth = 4
		$3.EolMarker = Unix
		$3.inheritsSet = Mono
		$3.inheritsScope = text/plain
		$3.scope = text/plain
	EndGlobalSection

EndGlobal
